
Microsoft Visual Studio Solution File, Format Version 12.00
# Visual Studio Version 16
VisualStudioVersion = 16.0.31727.386
MinimumVisualStudioVersion = 10.0.40219.1
Project("{F184B08F-C81C-45F6-A57F-5ABD9991F28F}") = "App_Clientes", "App_Clientes\App_Clientes.vbproj", "{B2503758-1C47-4A8C-A054-B7200DB05006}"
EndProject
Project("{FAE04EC0-301F-11D3-BF4B-00C04F79EFBC}") = "Biblioteca", "Biblioteca\Biblioteca.csproj", "{0942CDAB-B418-4035-8395-E5590D6DAEC3}"
EndProject
Global
	GlobalSection(SolutionConfigurationPlatforms) = preSolution
		Debug|Any CPU = Debug|Any CPU
		Release|Any CPU = Release|Any CPU
	EndGlobalSection
	GlobalSection(ProjectConfigurationPlatforms) = postSolution
		{B2503758-1C47-4A8C-A054-B7200DB05006}.Debug|Any CPU.ActiveCfg = Debug|Any CPU
		{B2503758-1C47-4A8C-A054-B7200DB05006}.Debug|Any CPU.Build.0 = Debug|Any CPU
		{B2503758-1C47-4A8C-A054-B7200DB05006}.Release|Any CPU.ActiveCfg = Release|Any CPU
		{B2503758-1C47-4A8C-A054-B7200DB05006}.Release|Any CPU.Build.0 = Release|Any CPU
		{0942CDAB-B418-4035-8395-E5590D6DAEC3}.Debug|Any CPU.ActiveCfg = Debug|Any CPU
		{0942CDAB-B418-4035-8395-E5590D6DAEC3}.Debug|Any CPU.Build.0 = Debug|Any CPU
		{0942CDAB-B418-4035-8395-E5590D6DAEC3}.Release|Any CPU.ActiveCfg = Release|Any CPU
		{0942CDAB-B418-4035-8395-E5590D6DAEC3}.Release|Any CPU.Build.0 = Release|Any CPU
	EndGlobalSection
	GlobalSection(SolutionProperties) = preSolution
		HideSolutionNode = FALSE
	EndGlobalSection
	GlobalSection(ExtensibilityGlobals) = postSolution
		SolutionGuid = {D5E352C9-B3D8-4EB8-839B-B4148AB82091}
	EndGlobalSection
EndGlobal
